
Microsoft Visual Studio Solution File, Format Version 12.00
# Visual Studio 2017
Project("{FAE04EC0-301F-11D3-BF4B-00C04F79EFBC}") = "UnityPlanet", "UnityPlanet.csproj", "{959FC548-CA8D-FA20-D2A0-BBAE30F98F8F}"
EndProject
Project("{FAE04EC0-301F-11D3-BF4B-00C04F79EFBC}") = "UnityPlanet.Editor", "UnityPlanet.Editor.csproj", "{E1A9D84B-FE05-B7C8-7486-726BC3EECC62}"
EndProject
Global
	GlobalSection(SolutionConfigurationPlatforms) = preSolution
		Debug|Any CPU = Debug|Any CPU
		Release|Any CPU = Release|Any CPU
	EndGlobalSection
	GlobalSection(ProjectConfigurationPlatforms) = postSolution
		{959FC548-CA8D-FA20-D2A0-BBAE30F98F8F}.Debug|Any CPU.ActiveCfg = Debug|Any CPU
		{959FC548-CA8D-FA20-D2A0-BBAE30F98F8F}.Debug|Any CPU.Build.0 = Debug|Any CPU
		{959FC548-CA8D-FA20-D2A0-BBAE30F98F8F}.Release|Any CPU.ActiveCfg = Release|Any CPU
		{959FC548-CA8D-FA20-D2A0-BBAE30F98F8F}.Release|Any CPU.Build.0 = Release|Any CPU
		{E1A9D84B-FE05-B7C8-7486-726BC3EECC62}.Debug|Any CPU.ActiveCfg = Debug|Any CPU
		{E1A9D84B-FE05-B7C8-7486-726BC3EECC62}.Debug|Any CPU.Build.0 = Debug|Any CPU
		{E1A9D84B-FE05-B7C8-7486-726BC3EECC62}.Release|Any CPU.ActiveCfg = Release|Any CPU
		{E1A9D84B-FE05-B7C8-7486-726BC3EECC62}.Release|Any CPU.Build.0 = Release|Any CPU
	EndGlobalSection
	GlobalSection(SolutionProperties) = preSolution
		HideSolutionNode = FALSE
	EndGlobalSection
EndGlobal
